
Microsoft Visual Studio Solution File, Format Version 12.00
# Visual Studio Version 17
VisualStudioVersion = 17.0.32112.339
MinimumVisualStudioVersion = 10.0.40219.1
Project("{9A19103F-16F7-4668-BE54-9A1E7A4F7556}") = "LeaveManagement.Web", "LeaveManagement.Web\LeaveManagement.Web.csproj", "{8D0E4645-8BD6-48D2-A145-63C9682F91E8}"
EndProject
Project("{9A19103F-16F7-4668-BE54-9A1E7A4F7556}") = "LeaveManagement.Data", "LeaveManagement.Data\LeaveManagement.Data.csproj", "{50DD7229-8280-449A-8E6E-9EC699A1DFDD}"
EndProject
Project("{9A19103F-16F7-4668-BE54-9A1E7A4F7556}") = "LeaveManagement.Common", "LeaveManagement.Common\LeaveManagement.Common.csproj", "{B4F791D0-04AD-4B24-9D7E-231C8C469CA6}"
EndProject
Project("{FAE04EC0-301F-11D3-BF4B-00C04F79EFBC}") = "LeaveManagement.Applictaion", "LeaveManagement.Applictaion\LeaveManagement.Applictaion.csproj", "{0C44B0B7-1F55-412B-BA3D-AC79C1BAA542}"
EndProject
Global
	GlobalSection(SolutionConfigurationPlatforms) = preSolution
		Debug|Any CPU = Debug|Any CPU
		Release|Any CPU = Release|Any CPU
	EndGlobalSection
	GlobalSection(ProjectConfigurationPlatforms) = postSolution
		{8D0E4645-8BD6-48D2-A145-63C9682F91E8}.Debug|Any CPU.ActiveCfg = Debug|Any CPU
		{8D0E4645-8BD6-48D2-A145-63C9682F91E8}.Debug|Any CPU.Build.0 = Debug|Any CPU
		{8D0E4645-8BD6-48D2-A145-63C9682F91E8}.Release|Any CPU.ActiveCfg = Release|Any CPU
		{8D0E4645-8BD6-48D2-A145-63C9682F91E8}.Release|Any CPU.Build.0 = Release|Any CPU
		{50DD7229-8280-449A-8E6E-9EC699A1DFDD}.Debug|Any CPU.ActiveCfg = Debug|Any CPU
		{50DD7229-8280-449A-8E6E-9EC699A1DFDD}.Debug|Any CPU.Build.0 = Debug|Any CPU
		{50DD7229-8280-449A-8E6E-9EC699A1DFDD}.Release|Any CPU.ActiveCfg = Release|Any CPU
		{50DD7229-8280-449A-8E6E-9EC699A1DFDD}.Release|Any CPU.Build.0 = Release|Any CPU
		{B4F791D0-04AD-4B24-9D7E-231C8C469CA6}.Debug|Any CPU.ActiveCfg = Debug|Any CPU
		{B4F791D0-04AD-4B24-9D7E-231C8C469CA6}.Debug|Any CPU.Build.0 = Debug|Any CPU
		{B4F791D0-04AD-4B24-9D7E-231C8C469CA6}.Release|Any CPU.ActiveCfg = Release|Any CPU
		{B4F791D0-04AD-4B24-9D7E-231C8C469CA6}.Release|Any CPU.Build.0 = Release|Any CPU
		{0C44B0B7-1F55-412B-BA3D-AC79C1BAA542}.Debug|Any CPU.ActiveCfg = Debug|Any CPU
		{0C44B0B7-1F55-412B-BA3D-AC79C1BAA542}.Debug|Any CPU.Build.0 = Debug|Any CPU
		{0C44B0B7-1F55-412B-BA3D-AC79C1BAA542}.Release|Any CPU.ActiveCfg = Release|Any CPU
		{0C44B0B7-1F55-412B-BA3D-AC79C1BAA542}.Release|Any CPU.Build.0 = Release|Any CPU
	EndGlobalSection
	GlobalSection(SolutionProperties) = preSolution
		HideSolutionNode = FALSE
	EndGlobalSection
	GlobalSection(ExtensibilityGlobals) = postSolution
		SolutionGuid = {A3860BE3-5A06-4471-9CE4-523073B2A8A2}
	EndGlobalSection
EndGlobal
